<?xml version="1.0" encoding="utf-8"?>
<Project ToolsVersion="4.0" xmlns="http://schemas.microsoft.com/developer/msbuild/2003">
  <ItemGroup>
    <Filter Include="Source Files">
      <UniqueIdentifier>{4FC737F1-C7A5-4376-A066-2A32D752A2FF}</UniqueIdentifier>
      <Extensions>cpp;c;cc;cxx;c++;cppm;ixx;def;odl;idl;hpj;bat;asm;asmx</Extensions>
    </Filter>
    <Filter Include="Header Files">
      <UniqueIdentifier>{93995380-89BD-4b04-88EB-625FBE52EBFB}</UniqueIdentifier>
      <Extensions>h;hh;hpp;hxx;h++;hm;inl;inc;ipp;xsd</Extensions>
    </Filter>
    <Filter Include="imgui">
      <UniqueIdentifier>{22a4b414-8be4-45fe-a549-ac1597ff6607}</UniqueIdentifier>
    </Filter>
    <Filter Include="romsets">
      <UniqueIdentifier>{2a78aba0-beae-4326-916f-d339f4e1d2fe}</UniqueIdentifier>
    </Filter>
    <Filter Include="machines">
      <UniqueIdentifier>{c2d448bf-daa8-43c9-86f6-ffd466c9947c}</UniqueIdentifier>
    </Filter>
    <Filter Include="i8080">
      <UniqueIdentifier>{fc8acc70-65a1-4fbb-950e-75ebedf01e34}</UniqueIdentifier>
    </Filter>
  </ItemGroup>
  <ItemGroup>
    <ClCompile Include="..\src\main.c">
      <Filter>Source Files</Filter>
    </ClCompile>
    <ClCompile Include="..\src\window_sdl2.c">
      <Filter>Source Files</Filter>
    </ClCompile>
    <ClCompile Include="..\lib\imgui\imgui.cpp">
      <Filter>imgui</Filter>
    </ClCompile>
    <ClCompile Include="..\lib\imgui\imgui_draw.cpp">
      <Filter>imgui</Filter>
    </ClCompile>
    <ClCompile Include="..\lib\imgui\imgui_tables.cpp">
      <Filter>imgui</Filter>
    </ClCompile>
    <ClCompile Include="..\lib\imgui\imgui_widgets.cpp">
      <Filter>imgui</Filter>
    </ClCompile>
    <ClCompile Include="..\src\ui.cpp">
      <Filter>Source Files</Filter>
    </ClCompile>
    <ClCompile Include="..\lib\imgui\backends\imgui_impl_sdl2.cpp">
      <Filter>imgui</Filter>
    </ClCompile>
    <ClCompile Include="..\lib\imgui\backends\imgui_impl_sdlrenderer2.cpp">
      <Filter>imgui</Filter>
    </ClCompile>
    <ClCompile Include="..\src\display.c">
      <Filter>Source Files</Filter>
    </ClCompile>
    <ClCompile Include="..\src\input.c">
      <Filter>Source Files</Filter>
    </ClCompile>
    <ClCompile Include="..\src\file.c">
      <Filter>Source Files</Filter>
    </ClCompile>
    <ClCompile Include="..\src\emulator.c">
      <Filter>Source Files</Filter>
    </ClCompile>
    <ClCompile Include="..\src\cpu_tests.c">
      <Filter>Source Files</Filter>
    </ClCompile>
    <ClCompile Include="..\src\mb14241.c">
      <Filter>Source Files</Filter>
    </ClCompile>
    <ClCompile Include="..\src\ballbomb.c">
      <Filter>romsets</Filter>
    </ClCompile>
    <ClCompile Include="..\src\galxwars.c">
      <Filter>romsets</Filter>
    </ClCompile>
    <ClCompile Include="..\src\invaders.c">
      <Filter>romsets</Filter>
    </ClCompile>
    <ClCompile Include="..\src\invaderspt2.c">
      <Filter>romsets</Filter>
    </ClCompile>
    <ClCompile Include="..\src\lrescue.c">
      <Filter>romsets</Filter>
    </ClCompile>
    <ClCompile Include="..\src\solfight.c">
      <Filter>romsets</Filter>
    </ClCompile>
    <ClCompile Include="..\src\spclaser.c">
      <Filter>romsets</Filter>
    </ClCompile>
    <ClCompile Include="..\src\schaser.c">
      <Filter>romsets</Filter>
    </ClCompile>
    <ClCompile Include="..\src\cpm.c">
      <Filter>machines</Filter>
    </ClCompile>
    <ClCompile Include="..\src\taito8080.c">
      <Filter>machines</Filter>
    </ClCompile>
    <ClCompile Include="..\src\galactic.c">
      <Filter>Source Files</Filter>
    </ClCompile>
    <ClCompile Include="..\src\indianbt.c">
      <Filter>Source Files</Filter>
    </ClCompile>
    <ClCompile Include="..\lib\i8080\i8080.c">
      <Filter>i8080</Filter>
    </ClCompile>
    <ClCompile Include="..\lib\i8080\i8080_mnem.c">
      <Filter>i8080</Filter>
    </ClCompile>
  </ItemGroup>
  <ItemGroup>
    <ClInclude Include="..\src\window_sdl2.h">
      <Filter>Header Files</Filter>
    </ClInclude>
    <ClInclude Include="..\src\ui.h">
      <Filter>Header Files</Filter>
    </ClInclude>
    <ClInclude Include="..\src\file.h">
      <Filter>Header Files</Filter>
    </ClInclude>
    <ClInclude Include="..\src\emulator.h">
      <Filter>Header Files</Filter>
    </ClInclude>
    <ClInclude Include="..\src\mb14241.h">
      <Filter>Header Files</Filter>
    </ClInclude>
    <ClInclude Include="..\src\invaderspt2.h">
      <Filter>romsets</Filter>
    </ClInclude>
    <ClInclude Include="..\src\invaders.h">
      <Filter>romsets</Filter>
    </ClInclude>
    <ClInclude Include="..\src\galxwars.h">
      <Filter>romsets</Filter>
    </ClInclude>
    <ClInclude Include="..\src\spclaser.h">
      <Filter>romsets</Filter>
    </ClInclude>
    <ClInclude Include="..\src\solfight.h">
      <Filter>romsets</Filter>
    </ClInclude>
    <ClInclude Include="..\src\lrescue.h">
      <Filter>romsets</Filter>
    </ClInclude>
    <ClInclude Include="..\src\ballbomb.h">
      <Filter>romsets</Filter>
    </ClInclude>
    <ClInclude Include="..\src\schaser.h">
      <Filter>romsets</Filter>
    </ClInclude>
    <ClInclude Include="..\src\cpm.h">
      <Filter>machines</Filter>
    </ClInclude>
    <ClInclude Include="..\src\taito8080.h">
      <Filter>machines</Filter>
    </ClInclude>
    <ClInclude Include="..\src\galactic.h">
      <Filter>Header Files</Filter>
    </ClInclude>
    <ClInclude Include="..\src\indianbt.h">
      <Filter>Header Files</Filter>
    </ClInclude>
    <ClInclude Include="..\lib\i8080\i8080.h">
      <Filter>i8080</Filter>
    </ClInclude>
    <ClInclude Include="..\lib\i8080\i8080_mnem.h">
      <Filter>i8080</Filter>
    </ClInclude>
  </ItemGroup>
</Project>